
Microsoft Visual Studio Solution File, Format Version 12.00
# Visual Studio 15
VisualStudioVersion = 15.0.28307.960
MinimumVisualStudioVersion = 10.0.40219.1
Project("{FAE04EC0-301F-11D3-BF4B-00C04F79EFBC}") = "ArbolBinario", "ArbolBinario\ArbolBinario.csproj", "{660D11BE-1A37-40F6-9A60-3BBE02FBF66B}"
EndProject
Global
	GlobalSection(SolutionConfigurationPlatforms) = preSolution
		Debug|Any CPU = Debug|Any CPU
		Release|Any CPU = Release|Any CPU
	EndGlobalSection
	GlobalSection(ProjectConfigurationPlatforms) = postSolution
		{660D11BE-1A37-40F6-9A60-3BBE02FBF66B}.Debug|Any CPU.ActiveCfg = Debug|Any CPU
		{660D11BE-1A37-40F6-9A60-3BBE02FBF66B}.Debug|Any CPU.Build.0 = Debug|Any CPU
		{660D11BE-1A37-40F6-9A60-3BBE02FBF66B}.Release|Any CPU.ActiveCfg = Release|Any CPU
		{660D11BE-1A37-40F6-9A60-3BBE02FBF66B}.Release|Any CPU.Build.0 = Release|Any CPU
	EndGlobalSection
	GlobalSection(SolutionProperties) = preSolution
		HideSolutionNode = FALSE
	EndGlobalSection
	GlobalSection(ExtensibilityGlobals) = postSolution
		SolutionGuid = {E5EEB115-E864-414A-ACE5-4E1DA1929FE5}
	EndGlobalSection
EndGlobal
